
Microsoft Visual Studio Solution File, Format Version 12.00
# Visual Studio Version 17
VisualStudioVersion = 17.2.32526.322
MinimumVisualStudioVersion = 10.0.40219.1
Project("{FAE04EC0-301F-11D3-BF4B-00C04F79EFBC}") = "20231208", "20231208\20231208.csproj", "{8EA880CD-CC31-41D3-A47E-E3DC1956A8E3}"
EndProject
Global
	GlobalSection(SolutionConfigurationPlatforms) = preSolution
		Debug|Any CPU = Debug|Any CPU
		Release|Any CPU = Release|Any CPU
	EndGlobalSection
	GlobalSection(ProjectConfigurationPlatforms) = postSolution
		{8EA880CD-CC31-41D3-A47E-E3DC1956A8E3}.Debug|Any CPU.ActiveCfg = Debug|Any CPU
		{8EA880CD-CC31-41D3-A47E-E3DC1956A8E3}.Debug|Any CPU.Build.0 = Debug|Any CPU
		{8EA880CD-CC31-41D3-A47E-E3DC1956A8E3}.Release|Any CPU.ActiveCfg = Release|Any CPU
		{8EA880CD-CC31-41D3-A47E-E3DC1956A8E3}.Release|Any CPU.Build.0 = Release|Any CPU
	EndGlobalSection
	GlobalSection(SolutionProperties) = preSolution
		HideSolutionNode = FALSE
	EndGlobalSection
	GlobalSection(ExtensibilityGlobals) = postSolution
		SolutionGuid = {28CF10FD-B8FA-4F1C-8AFA-DAD523F4CFA9}
	EndGlobalSection
EndGlobal
